
Microsoft Visual Studio Solution File, Format Version 12.00
# Visual Studio Version 16
VisualStudioVersion = 16.0.30621.155
MinimumVisualStudioVersion = 10.0.40219.1
Project("{9A19103F-16F7-4668-BE54-9A1E7A4F7556}") = "FlowDesigner.Core", "FlowDesigner\FlowDesigner.Core.csproj", "{7609297D-495C-4927-B202-19D713E3C0BE}"
EndProject
Project("{FAE04EC0-301F-11D3-BF4B-00C04F79EFBC}") = "FlowDesigner.Blazor.Demo", "FlowDesigner.Blazor.Demo\FlowDesigner.Blazor.Demo.csproj", "{C83C9A4F-EAAF-4A2D-A0F4-C66B4EA25C57}"
EndProject
Project("{FAE04EC0-301F-11D3-BF4B-00C04F79EFBC}") = "FlowDesigner.Blazor", "FlowDesigner.Blazor\FlowDesigner.Blazor.csproj", "{B61515EB-1C73-4870-AE2C-AA30BA3AB408}"
EndProject
Global
	GlobalSection(SolutionConfigurationPlatforms) = preSolution
		Debug|Any CPU = Debug|Any CPU
		Release|Any CPU = Release|Any CPU
	EndGlobalSection
	GlobalSection(ProjectConfigurationPlatforms) = postSolution
		{7609297D-495C-4927-B202-19D713E3C0BE}.Debug|Any CPU.ActiveCfg = Debug|Any CPU
		{7609297D-495C-4927-B202-19D713E3C0BE}.Debug|Any CPU.Build.0 = Debug|Any CPU
		{7609297D-495C-4927-B202-19D713E3C0BE}.Release|Any CPU.ActiveCfg = Release|Any CPU
		{7609297D-495C-4927-B202-19D713E3C0BE}.Release|Any CPU.Build.0 = Release|Any CPU
		{C83C9A4F-EAAF-4A2D-A0F4-C66B4EA25C57}.Debug|Any CPU.ActiveCfg = Debug|Any CPU
		{C83C9A4F-EAAF-4A2D-A0F4-C66B4EA25C57}.Debug|Any CPU.Build.0 = Debug|Any CPU
		{C83C9A4F-EAAF-4A2D-A0F4-C66B4EA25C57}.Release|Any CPU.ActiveCfg = Release|Any CPU
		{C83C9A4F-EAAF-4A2D-A0F4-C66B4EA25C57}.Release|Any CPU.Build.0 = Release|Any CPU
		{B61515EB-1C73-4870-AE2C-AA30BA3AB408}.Debug|Any CPU.ActiveCfg = Debug|Any CPU
		{B61515EB-1C73-4870-AE2C-AA30BA3AB408}.Debug|Any CPU.Build.0 = Debug|Any CPU
		{B61515EB-1C73-4870-AE2C-AA30BA3AB408}.Release|Any CPU.ActiveCfg = Release|Any CPU
		{B61515EB-1C73-4870-AE2C-AA30BA3AB408}.Release|Any CPU.Build.0 = Release|Any CPU
	EndGlobalSection
	GlobalSection(SolutionProperties) = preSolution
		HideSolutionNode = FALSE
	EndGlobalSection
	GlobalSection(ExtensibilityGlobals) = postSolution
		SolutionGuid = {1E8F6A74-D6DF-416B-9FC0-0BA48AC66061}
	EndGlobalSection
EndGlobal
